// !$*UTF8*$!
{
	archiveVersion = 1;
	classes = {
	};
	objectVersion = 56;
	objects = {

/* Begin PBXBuildFile section */
		C39A08012990129E004D8692 /* ContentView.swift in Sources */ = {isa = PBXBuildFile; fileRef = C39A08002990129E004D8692 /* ContentView.swift */; };
		C39A0803299012A0004D8692 /* Assets.xcassets in Resources */ = {isa = PBXBuildFile; fileRef = C39A0802299012A0004D8692 /* Assets.xcassets */; };
		C39A0806299012A0004D8692 /* Preview Assets.xcassets in Resources */ = {isa = PBXBuildFile; fileRef = C39A0805299012A0004D8692 /* Preview Assets.xcassets */; };
		C39A0810299012A1004D8692 /* navigationUITests.swift in Sources */ = {isa = PBXBuildFile; fileRef = C39A080F299012A1004D8692 /* navigationUITests.swift */; };
		C39A081A299012A1004D8692 /* navigationUIUITests.swift in Sources */ = {isa = PBXBuildFile; fileRef = C39A0819299012A1004D8692 /* navigationUIUITests.swift */; };
		C39A081C299012A1004D8692 /* navigationUIUITestsLaunchTests.swift in Sources */ = {isa = PBXBuildFile; fileRef = C39A081B299012A1004D8692 /* navigationUIUITestsLaunchTests.swift */; };
		C39A082D299012FB004D8692 /* SwiftUINavigationViewWorkApp.swift in Sources */ = {isa = PBXBuildFile; fileRef = C39A082C299012FB004D8692 /* SwiftUINavigationViewWorkApp.swift */; };
		C39A083029901342004D8692 /* FirstSheetView.swift in Sources */ = {isa = PBXBuildFile; fileRef = C39A082F29901342004D8692 /* FirstSheetView.swift */; };
		C39A083229901355004D8692 /* SecondSheetView.swift in Sources */ = {isa = PBXBuildFile; fileRef = C39A083129901355004D8692 /* SecondSheetView.swift */; };
		C39A083429901374004D8692 /* ModalView.swift in Sources */ = {isa = PBXBuildFile; fileRef = C39A083329901374004D8692 /* ModalView.swift */; };
		C39A083629901385004D8692 /* SheetNavigator.swift in Sources */ = {isa = PBXBuildFile; fileRef = C39A083529901385004D8692 /* SheetNavigator.swift */; };
		C39A083829901394004D8692 /* View+Ext.swift in Sources */ = {isa = PBXBuildFile; fileRef = C39A083729901394004D8692 /* View+Ext.swift */; };
/* End PBXBuildFile section */

/* Begin PBXContainerItemProxy section */
		C39A080C299012A1004D8692 /* PBXContainerItemProxy */ = {
			isa = PBXContainerItemProxy;
			containerPortal = C39A07F32990129E004D8692 /* Project object */;
			proxyType = 1;
			remoteGlobalIDString = C39A07FA2990129E004D8692;
			remoteInfo = navigationUI;
		};
		C39A0816299012A1004D8692 /* PBXContainerItemProxy */ = {
			isa = PBXContainerItemProxy;
			containerPortal = C39A07F32990129E004D8692 /* Project object */;
			proxyType = 1;
			remoteGlobalIDString = C39A07FA2990129E004D8692;
			remoteInfo = navigationUI;
		};
/* End PBXContainerItemProxy section */

/* Begin PBXFileReference section */
		C39A07FB2990129E004D8692 /* navigationUI.app */ = {isa = PBXFileReference; explicitFileType = wrapper.application; includeInIndex = 0; path = navigationUI.app; sourceTree = BUILT_PRODUCTS_DIR; };
		C39A08002990129E004D8692 /* ContentView.swift */ = {isa = PBXFileReference; lastKnownFileType = sourcecode.swift; path = ContentView.swift; sourceTree = "<group>"; };
		C39A0802299012A0004D8692 /* Assets.xcassets */ = {isa = PBXFileReference; lastKnownFileType = folder.assetcatalog; path = Assets.xcassets; sourceTree = "<group>"; };
		C39A0805299012A0004D8692 /* Preview Assets.xcassets */ = {isa = PBXFileReference; lastKnownFileType = folder.assetcatalog; path = "Preview Assets.xcassets"; sourceTree = "<group>"; };
		C39A080B299012A1004D8692 /* navigationUITests.xctest */ = {isa = PBXFileReference; explicitFileType = wrapper.cfbundle; includeInIndex = 0; path = navigationUITests.xctest; sourceTree = BUILT_PRODUCTS_DIR; };
		C39A080F299012A1004D8692 /* navigationUITests.swift */ = {isa = PBXFileReference; lastKnownFileType = sourcecode.swift; path = navigationUITests.swift; sourceTree = "<group>"; };
		C39A0815299012A1004D8692 /* navigationUIUITests.xctest */ = {isa = PBXFileReference; explicitFileType = wrapper.cfbundle; includeInIndex = 0; path = navigationUIUITests.xctest; sourceTree = BUILT_PRODUCTS_DIR; };
		C39A0819299012A1004D8692 /* navigationUIUITests.swift */ = {isa = PBXFileReference; lastKnownFileType = sourcecode.swift; path = navigationUIUITests.swift; sourceTree = "<group>"; };
		C39A081B299012A1004D8692 /* navigationUIUITestsLaunchTests.swift */ = {isa = PBXFileReference; lastKnownFileType = sourcecode.swift; path = navigationUIUITestsLaunchTests.swift; sourceTree = "<group>"; };
		C39A082C299012FB004D8692 /* SwiftUINavigationViewWorkApp.swift */ = {isa = PBXFileReference; lastKnownFileType = sourcecode.swift; path = SwiftUINavigationViewWorkApp.swift; sourceTree = "<group>"; };
		C39A082F29901342004D8692 /* FirstSheetView.swift */ = {isa = PBXFileReference; lastKnownFileType = sourcecode.swift; path = FirstSheetView.swift; sourceTree = "<group>"; };
		C39A083129901355004D8692 /* SecondSheetView.swift */ = {isa = PBXFileReference; lastKnownFileType = sourcecode.swift; path = SecondSheetView.swift; sourceTree = "<group>"; };
		C39A083329901374004D8692 /* ModalView.swift */ = {isa = PBXFileReference; lastKnownFileType = sourcecode.swift; path = ModalView.swift; sourceTree = "<group>"; };
		C39A083529901385004D8692 /* SheetNavigator.swift */ = {isa = PBXFileReference; lastKnownFileType = sourcecode.swift; path = SheetNavigator.swift; sourceTree = "<group>"; };
		C39A083729901394004D8692 /* View+Ext.swift */ = {isa = PBXFileReference; lastKnownFileType = sourcecode.swift; path = "View+Ext.swift"; sourceTree = "<group>"; };
/* End PBXFileReference section */

/* Begin PBXFrameworksBuildPhase section */
		C39A07F82990129E004D8692 /* Frameworks */ = {
			isa = PBXFrameworksBuildPhase;
			buildActionMask = 2147483647;
			files = (
			);
			runOnlyForDeploymentPostprocessing = 0;
		};
		C39A0808299012A1004D8692 /* Frameworks */ = {
			isa = PBXFrameworksBuildPhase;
			buildActionMask = 2147483647;
			files = (
			);
			runOnlyForDeploymentPostprocessing = 0;
		};
		C39A0812299012A1004D8692 /* Frameworks */ = {
			isa = PBXFrameworksBuildPhase;
			buildActionMask = 2147483647;
			files = (
			);
			runOnlyForDeploymentPostprocessing = 0;
		};
/* End PBXFrameworksBuildPhase section */

/* Begin PBXGroup section */
		C39A07F22990129E004D8692 = {
			isa = PBXGroup;
			children = (
				C39A07FD2990129E004D8692 /* navigationUI */,
				C39A080E299012A1004D8692 /* navigationUITests */,
				C39A0818299012A1004D8692 /* navigationUIUITests */,
				C39A07FC2990129E004D8692 /* Products */,
			);
			sourceTree = "<group>";
		};
		C39A07FC2990129E004D8692 /* Products */ = {
			isa = PBXGroup;
			children = (
				C39A07FB2990129E004D8692 /* navigationUI.app */,
				C39A080B299012A1004D8692 /* navigationUITests.xctest */,
				C39A0815299012A1004D8692 /* navigationUIUITests.xctest */,
			);
			name = Products;
			sourceTree = "<group>";
		};
		C39A07FD2990129E004D8692 /* navigationUI */ = {
			isa = PBXGroup;
			children = (
				C39A082E2990132F004D8692 /* Views */,
				C39A082B299012D0004D8692 /* Extensions */,
				C39A082A299012C2004D8692 /* Helpers */,
				C39A0829299012B9004D8692 /* Screens */,
				C39A0828299012AD004D8692 /* Utilities */,
				C39A0802299012A0004D8692 /* Assets.xcassets */,
				C39A0804299012A0004D8692 /* Preview Content */,
			);
			path = navigationUI;
			sourceTree = "<group>";
		};
		C39A0804299012A0004D8692 /* Preview Content */ = {
			isa = PBXGroup;
			children = (
				C39A0805299012A0004D8692 /* Preview Assets.xcassets */,
			);
			path = "Preview Content";
			sourceTree = "<group>";
		};
		C39A080E299012A1004D8692 /* navigationUITests */ = {
			isa = PBXGroup;
			children = (
				C39A080F299012A1004D8692 /* navigationUITests.swift */,
			);
			path = navigationUITests;
			sourceTree = "<group>";
		};
		C39A0818299012A1004D8692 /* navigationUIUITests */ = {
			isa = PBXGroup;
			children = (
				C39A0819299012A1004D8692 /* navigationUIUITests.swift */,
				C39A081B299012A1004D8692 /* navigationUIUITestsLaunchTests.swift */,
			);
			path = navigationUIUITests;
			sourceTree = "<group>";
		};
		C39A0828299012AD004D8692 /* Utilities */ = {
			isa = PBXGroup;
			children = (
				C39A082C299012FB004D8692 /* SwiftUINavigationViewWorkApp.swift */,
			);
			path = Utilities;
			sourceTree = "<group>";
		};
		C39A0829299012B9004D8692 /* Screens */ = {
			isa = PBXGroup;
			children = (
				C39A08002990129E004D8692 /* ContentView.swift */,
			);
			path = Screens;
			sourceTree = "<group>";
		};
		C39A082A299012C2004D8692 /* Helpers */ = {
			isa = PBXGroup;
			children = (
				C39A083329901374004D8692 /* ModalView.swift */,
			);
			name = Helpers;
			sourceTree = "<group>";
		};
		C39A082B299012D0004D8692 /* Extensions */ = {
			isa = PBXGroup;
			children = (
				C39A083529901385004D8692 /* SheetNavigator.swift */,
				C39A083729901394004D8692 /* View+Ext.swift */,
			);
			path = Extensions;
			sourceTree = "<group>";
		};
		C39A082E2990132F004D8692 /* Views */ = {
			isa = PBXGroup;
			children = (
				C39A082F29901342004D8692 /* FirstSheetView.swift */,
				C39A083129901355004D8692 /* SecondSheetView.swift */,
			);
			path = Views;
			sourceTree = "<group>";
		};
/* End PBXGroup section */

/* Begin PBXNativeTarget section */
		C39A07FA2990129E004D8692 /* navigationUI */ = {
			isa = PBXNativeTarget;
			buildConfigurationList = C39A081F299012A1004D8692 /* Build configuration list for PBXNativeTarget "navigationUI" */;
			buildPhases = (
				C39A07F72990129E004D8692 /* Sources */,
				C39A07F82990129E004D8692 /* Frameworks */,
				C39A07F92990129E004D8692 /* Resources */,
			);
			buildRules = (
			);
			dependencies = (
			);
			name = navigationUI;
			productName = navigationUI;
			productReference = C39A07FB2990129E004D8692 /* navigationUI.app */;
			productType = "com.apple.product-type.application";
		};
		C39A080A299012A1004D8692 /* navigationUITests */ = {
			isa = PBXNativeTarget;
			buildConfigurationList = C39A0822299012A1004D8692 /* Build configuration list for PBXNativeTarget "navigationUITests" */;
			buildPhases = (
				C39A0807299012A1004D8692 /* Sources */,
				C39A0808299012A1004D8692 /* Frameworks */,
				C39A0809299012A1004D8692 /* Resources */,
			);
			buildRules = (
			);
			dependencies = (
				C39A080D299012A1004D8692 /* PBXTargetDependency */,
			);
			name = navigationUITests;
			productName = navigationUITests;
			productReference = C39A080B299012A1004D8692 /* navigationUITests.xctest */;
			productType = "com.apple.product-type.bundle.unit-test";
		};
		C39A0814299012A1004D8692 /* navigationUIUITests */ = {
			isa = PBXNativeTarget;
			buildConfigurationList = C39A0825299012A1004D8692 /* Build configuration list for PBXNativeTarget "navigationUIUITests" */;
			buildPhases = (
				C39A0811299012A1004D8692 /* Sources */,
				C39A0812299012A1004D8692 /* Frameworks */,
				C39A0813299012A1004D8692 /* Resources */,
			);
			buildRules = (
			);
			dependencies = (
				C39A0817299012A1004D8692 /* PBXTargetDependency */,
			);
			name = navigationUIUITests;
			productName = navigationUIUITests;
			productReference = C39A0815299012A1004D8692 /* navigationUIUITests.xctest */;
			productType = "com.apple.product-type.bundle.ui-testing";
		};
/* End PBXNativeTarget section */

/* Begin PBXProject section */
		C39A07F32990129E004D8692 /* Project object */ = {
			isa = PBXProject;
			attributes = {
				BuildIndependentTargetsInParallel = 1;
				LastSwiftUpdateCheck = 1420;
				LastUpgradeCheck = 1420;
				TargetAttributes = {
					C39A07FA2990129E004D8692 = {
						CreatedOnToolsVersion = 14.2;
					};
					C39A080A299012A1004D8692 = {
						CreatedOnToolsVersion = 14.2;
						TestTargetID = C39A07FA2990129E004D8692;
					};
					C39A0814299012A1004D8692 = {
						CreatedOnToolsVersion = 14.2;
						TestTargetID = C39A07FA2990129E004D8692;
					};
				};
			};
			buildConfigurationList = C39A07F62990129E004D8692 /* Build configuration list for PBXProject "navigationUI" */;
			compatibilityVersion = "Xcode 14.0";
			developmentRegion = en;
			hasScannedForEncodings = 0;
			knownRegions = (
				en,
				Base,
			);
			mainGroup = C39A07F22990129E004D8692;
			productRefGroup = C39A07FC2990129E004D8692 /* Products */;
			projectDirPath = "";
			projectRoot = "";
			targets = (
				C39A07FA2990129E004D8692 /* navigationUI */,
				C39A080A299012A1004D8692 /* navigationUITests */,
				C39A0814299012A1004D8692 /* navigationUIUITests */,
			);
		};
/* End PBXProject section */

/* Begin PBXResourcesBuildPhase section */
		C39A07F92990129E004D8692 /* Resources */ = {
			isa = PBXResourcesBuildPhase;
			buildActionMask = 2147483647;
			files = (
				C39A0806299012A0004D8692 /* Preview Assets.xcassets in Resources */,
				C39A0803299012A0004D8692 /* Assets.xcassets in Resources */,
			);
			runOnlyForDeploymentPostprocessing = 0;
		};
		C39A0809299012A1004D8692 /* Resources */ = {
			isa = PBXResourcesBuildPhase;
			buildActionMask = 2147483647;
			files = (
			);
			runOnlyForDeploymentPostprocessing = 0;
		};
		C39A0813299012A1004D8692 /* Resources */ = {
			isa = PBXResourcesBuildPhase;
			buildActionMask = 2147483647;
			files = (
			);
			runOnlyForDeploymentPostprocessing = 0;
		};
/* End PBXResourcesBuildPhase section */

/* Begin PBXSourcesBuildPhase section */
		C39A07F72990129E004D8692 /* Sources */ = {
			isa = PBXSourcesBuildPhase;
			buildActionMask = 2147483647;
			files = (
				C39A083829901394004D8692 /* View+Ext.swift in Sources */,
				C39A083429901374004D8692 /* ModalView.swift in Sources */,
				C39A082D299012FB004D8692 /* SwiftUINavigationViewWorkApp.swift in Sources */,
				C39A08012990129E004D8692 /* ContentView.swift in Sources */,
				C39A083229901355004D8692 /* SecondSheetView.swift in Sources */,
				C39A083629901385004D8692 /* SheetNavigator.swift in Sources */,
				C39A083029901342004D8692 /* FirstSheetView.swift in Sources */,
			);
			runOnlyForDeploymentPostprocessing = 0;
		};
		C39A0807299012A1004D8692 /* Sources */ = {
			isa = PBXSourcesBuildPhase;
			buildActionMask = 2147483647;
			files = (
				C39A0810299012A1004D8692 /* navigationUITests.swift in Sources */,
			);
			runOnlyForDeploymentPostprocessing = 0;
		};
		C39A0811299012A1004D8692 /* Sources */ = {
			isa = PBXSourcesBuildPhase;
			buildActionMask = 2147483647;
			files = (
				C39A081C299012A1004D8692 /* navigationUIUITestsLaunchTests.swift in Sources */,
				C39A081A299012A1004D8692 /* navigationUIUITests.swift in Sources */,
			);
			runOnlyForDeploymentPostprocessing = 0;
		};
/* End PBXSourcesBuildPhase section */

/* Begin PBXTargetDependency section */
		C39A080D299012A1004D8692 /* PBXTargetDependency */ = {
			isa = PBXTargetDependency;
			target = C39A07FA2990129E004D8692 /* navigationUI */;
			targetProxy = C39A080C299012A1004D8692 /* PBXContainerItemProxy */;
		};
		C39A0817299012A1004D8692 /* PBXTargetDependency */ = {
			isa = PBXTargetDependency;
			target = C39A07FA2990129E004D8692 /* navigationUI */;
			targetProxy = C39A0816299012A1004D8692 /* PBXContainerItemProxy */;
		};
/* End PBXTargetDependency section */

/* Begin XCBuildConfiguration section */
		C39A081D299012A1004D8692 /* Debug */ = {
			isa = XCBuildConfiguration;
			buildSettings = {
				ALWAYS_SEARCH_USER_PATHS = NO;
				CLANG_ANALYZER_NONNULL = YES;
				CLANG_ANALYZER_NUMBER_OBJECT_CONVERSION = YES_AGGRESSIVE;
				CLANG_CXX_LANGUAGE_STANDARD = "gnu++20";
				CLANG_ENABLE_MODULES = YES;
				CLANG_ENABLE_OBJC_ARC = YES;
				CLANG_ENABLE_OBJC_WEAK = YES;
				CLANG_WARN_BLOCK_CAPTURE_AUTORELEASING = YES;
				CLANG_WARN_BOOL_CONVERSION = YES;
				CLANG_WARN_COMMA = YES;
				CLANG_WARN_CONSTANT_CONVERSION = YES;
				CLANG_WARN_DEPRECATED_OBJC_IMPLEMENTATIONS = YES;
				CLANG_WARN_DIRECT_OBJC_ISA_USAGE = YES_ERROR;
				CLANG_WARN_DOCUMENTATION_COMMENTS = YES;
				CLANG_WARN_EMPTY_BODY = YES;
				CLANG_WARN_ENUM_CONVERSION = YES;
				CLANG_WARN_INFINITE_RECURSION = YES;
				CLANG_WARN_INT_CONVERSION = YES;
				CLANG_WARN_NON_LITERAL_NULL_CONVERSION = YES;
				CLANG_WARN_OBJC_IMPLICIT_RETAIN_SELF = YES;
				CLANG_WARN_OBJC_LITERAL_CONVERSION = YES;
				CLANG_WARN_OBJC_ROOT_CLASS = YES_ERROR;
				CLANG_WARN_QUOTED_INCLUDE_IN_FRAMEWORK_HEADER = YES;
				CLANG_WARN_RANGE_LOOP_ANALYSIS = YES;
				CLANG_WARN_STRICT_PROTOTYPES = YES;
				CLANG_WARN_SUSPICIOUS_MOVE = YES;
				CLANG_WARN_UNGUARDED_AVAILABILITY = YES_AGGRESSIVE;
				CLANG_WARN_UNREACHABLE_CODE = YES;
				CLANG_WARN__DUPLICATE_METHOD_MATCH = YES;
				COPY_PHASE_STRIP = NO;
				DEBUG_INFORMATION_FORMAT = dwarf;
				ENABLE_STRICT_OBJC_MSGSEND = YES;
				ENABLE_TESTABILITY = YES;
				GCC_C_LANGUAGE_STANDARD = gnu11;
				GCC_DYNAMIC_NO_PIC = NO;
				GCC_NO_COMMON_BLOCKS = YES;
				GCC_OPTIMIZATION_LEVEL = 0;
				GCC_PREPROCESSOR_DEFINITIONS = (
					"DEBUG=1",
					"$(inherited)",
				);
				GCC_WARN_64_TO_32_BIT_CONVERSION = YES;
				GCC_WARN_ABOUT_RETURN_TYPE = YES_ERROR;
				GCC_WARN_UNDECLARED_SELECTOR = YES;
				GCC_WARN_UNINITIALIZED_AUTOS = YES_AGGRESSIVE;
				GCC_WARN_UNUSED_FUNCTION = YES;
				GCC_WARN_UNUSED_VARIABLE = YES;
				IPHONEOS_DEPLOYMENT_TARGET = 16.2;
				MTL_ENABLE_DEBUG_INFO = INCLUDE_SOURCE;
				MTL_FAST_MATH = YES;
				ONLY_ACTIVE_ARCH = YES;
				SDKROOT = iphoneos;
				SWIFT_ACTIVE_COMPILATION_CONDITIONS = DEBUG;
				SWIFT_OPTIMIZATION_LEVEL = "-Onone";
			};
			name = Debug;
		};
		C39A081E299012A1004D8692 /* Release */ = {
			isa = XCBuildConfiguration;
			buildSettings = {
				ALWAYS_SEARCH_USER_PATHS = NO;
				CLANG_ANALYZER_NONNULL = YES;
				CLANG_ANALYZER_NUMBER_OBJECT_CONVERSION = YES_AGGRESSIVE;
				CLANG_CXX_LANGUAGE_STANDARD = "gnu++20";
				CLANG_ENABLE_MODULES = YES;
				CLANG_ENABLE_OBJC_ARC = YES;
				CLANG_ENABLE_OBJC_WEAK = YES;
				CLANG_WARN_BLOCK_CAPTURE_AUTORELEASING = YES;
				CLANG_WARN_BOOL_CONVERSION = YES;
				CLANG_WARN_COMMA = YES;
				CLANG_WARN_CONSTANT_CONVERSION = YES;
				CLANG_WARN_DEPRECATED_OBJC_IMPLEMENTATIONS = YES;
				CLANG_WARN_DIRECT_OBJC_ISA_USAGE = YES_ERROR;
				CLANG_WARN_DOCUMENTATION_COMMENTS = YES;
				CLANG_WARN_EMPTY_BODY = YES;
				CLANG_WARN_ENUM_CONVERSION = YES;
				CLANG_WARN_INFINITE_RECURSION = YES;
				CLANG_WARN_INT_CONVERSION = YES;
				CLANG_WARN_NON_LITERAL_NULL_CONVERSION = YES;
				CLANG_WARN_OBJC_IMPLICIT_RETAIN_SELF = YES;
				CLANG_WARN_OBJC_LITERAL_CONVERSION = YES;
				CLANG_WARN_OBJC_ROOT_CLASS = YES_ERROR;
				CLANG_WARN_QUOTED_INCLUDE_IN_FRAMEWORK_HEADER = YES;
				CLANG_WARN_RANGE_LOOP_ANALYSIS = YES;
				CLANG_WARN_STRICT_PROTOTYPES = YES;
				CLANG_WARN_SUSPICIOUS_MOVE = YES;
				CLANG_WARN_UNGUARDED_AVAILABILITY = YES_AGGRESSIVE;
				CLANG_WARN_UNREACHABLE_CODE = YES;
				CLANG_WARN__DUPLICATE_METHOD_MATCH = YES;
				COPY_PHASE_STRIP = NO;
				DEBUG_INFORMATION_FORMAT = "dwarf-with-dsym";
				ENABLE_NS_ASSERTIONS = NO;
				ENABLE_STRICT_OBJC_MSGSEND = YES;
				GCC_C_LANGUAGE_STANDARD = gnu11;
				GCC_NO_COMMON_BLOCKS = YES;
				GCC_WARN_64_TO_32_BIT_CONVERSION = YES;
				GCC_WARN_ABOUT_RETURN_TYPE = YES_ERROR;
				GCC_WARN_UNDECLARED_SELECTOR = YES;
				GCC_WARN_UNINITIALIZED_AUTOS = YES_AGGRESSIVE;
				GCC_WARN_UNUSED_FUNCTION = YES;
				GCC_WARN_UNUSED_VARIABLE = YES;
				IPHONEOS_DEPLOYMENT_TARGET = 16.2;
				MTL_ENABLE_DEBUG_INFO = NO;
				MTL_FAST_MATH = YES;
				SDKROOT = iphoneos;
				SWIFT_COMPILATION_MODE = wholemodule;
				SWIFT_OPTIMIZATION_LEVEL = "-O";
				VALIDATE_PRODUCT = YES;
			};
			name = Release;
		};
		C39A0820299012A1004D8692 /* Debug */ = {
			isa = XCBuildConfiguration;
			buildSettings = {
				ASSETCATALOG_COMPILER_APPICON_NAME = AppIcon;
				ASSETCATALOG_COMPILER_GLOBAL_ACCENT_COLOR_NAME = AccentColor;
				CODE_SIGN_STYLE = Automatic;
				CURRENT_PROJECT_VERSION = 1;
				DEVELOPMENT_ASSET_PATHS = "\"navigationUI/Preview Content\"";
				DEVELOPMENT_TEAM = 6DV7YZY2XY;
				ENABLE_PREVIEWS = YES;
				GENERATE_INFOPLIST_FILE = YES;
				INFOPLIST_KEY_UIApplicationSceneManifest_Generation = YES;
				INFOPLIST_KEY_UIApplicationSupportsIndirectInputEvents = YES;
				INFOPLIST_KEY_UILaunchScreen_Generation = YES;
				INFOPLIST_KEY_UISupportedInterfaceOrientations_iPad = "UIInterfaceOrientationPortrait UIInterfaceOrientationPortraitUpsideDown UIInterfaceOrientationLandscapeLeft UIInterfaceOrientationLandscapeRight";
				INFOPLIST_KEY_UISupportedInterfaceOrientations_iPhone = "UIInterfaceOrientationPortrait UIInterfaceOrientationLandscapeLeft UIInterfaceOrientationLandscapeRight";
				LD_RUNPATH_SEARCH_PATHS = (
					"$(inherited)",
					"@executable_path/Frameworks",
				);
				MARKETING_VERSION = 1.0;
				PRODUCT_BUNDLE_IDENTIFIER = com.metinemre.navigationUI;
				PRODUCT_NAME = "$(TARGET_NAME)";
				SWIFT_EMIT_LOC_STRINGS = YES;
				SWIFT_VERSION = 5.0;
				TARGETED_DEVICE_FAMILY = "1,2";
			};
			name = Debug;
		};
		C39A0821299012A1004D8692 /* Release */ = {
			isa = XCBuildConfiguration;
			buildSettings = {
				ASSETCATALOG_COMPILER_APPICON_NAME = AppIcon;
				ASSETCATALOG_COMPILER_GLOBAL_ACCENT_COLOR_NAME = AccentColor;
				CODE_SIGN_STYLE = Automatic;
				CURRENT_PROJECT_VERSION = 1;
				DEVELOPMENT_ASSET_PATHS = "\"navigationUI/Preview Content\"";
				DEVELOPMENT_TEAM = 6DV7YZY2XY;
				ENABLE_PREVIEWS = YES;
				GENERATE_INFOPLIST_FILE = YES;
				INFOPLIST_KEY_UIApplicationSceneManifest_Generation = YES;
				INFOPLIST_KEY_UIApplicationSupportsIndirectInputEvents = YES;
				INFOPLIST_KEY_UILaunchScreen_Generation = YES;
				INFOPLIST_KEY_UISupportedInterfaceOrientations_iPad = "UIInterfaceOrientationPortrait UIInterfaceOrientationPortraitUpsideDown UIInterfaceOrientationLandscapeLeft UIInterfaceOrientationLandscapeRight";
				INFOPLIST_KEY_UISupportedInterfaceOrientations_iPhone = "UIInterfaceOrientationPortrait UIInterfaceOrientationLandscapeLeft UIInterfaceOrientationLandscapeRight";
				LD_RUNPATH_SEARCH_PATHS = (
					"$(inherited)",
					"@executable_path/Frameworks",
				);
				MARKETING_VERSION = 1.0;
				PRODUCT_BUNDLE_IDENTIFIER = com.metinemre.navigationUI;
				PRODUCT_NAME = "$(TARGET_NAME)";
				SWIFT_EMIT_LOC_STRINGS = YES;
				SWIFT_VERSION = 5.0;
				TARGETED_DEVICE_FAMILY = "1,2";
			};
			name = Release;
		};
		C39A0823299012A1004D8692 /* Debug */ = {
			isa = XCBuildConfiguration;
			buildSettings = {
				ALWAYS_EMBED_SWIFT_STANDARD_LIBRARIES = YES;
				BUNDLE_LOADER = "$(TEST_HOST)";
				CODE_SIGN_STYLE = Automatic;
				CURRENT_PROJECT_VERSION = 1;
				DEVELOPMENT_TEAM = 6DV7YZY2XY;
				GENERATE_INFOPLIST_FILE = YES;
				IPHONEOS_DEPLOYMENT_TARGET = 16.2;
				MARKETING_VERSION = 1.0;
				PRODUCT_BUNDLE_IDENTIFIER = com.metinemre.navigationUITests;
				PRODUCT_NAME = "$(TARGET_NAME)";
				SWIFT_EMIT_LOC_STRINGS = NO;
				SWIFT_VERSION = 5.0;
				TARGETED_DEVICE_FAMILY = "1,2";
				TEST_HOST = "$(BUILT_PRODUCTS_DIR)/navigationUI.app/$(BUNDLE_EXECUTABLE_FOLDER_PATH)/navigationUI";
			};
			name = Debug;
		};
		C39A0824299012A1004D8692 /* Release */ = {
			isa = XCBuildConfiguration;
			buildSettings = {
				ALWAYS_EMBED_SWIFT_STANDARD_LIBRARIES = YES;
				BUNDLE_LOADER = "$(TEST_HOST)";
				CODE_SIGN_STYLE = Automatic;
				CURRENT_PROJECT_VERSION = 1;
				DEVELOPMENT_TEAM = 6DV7YZY2XY;
				GENERATE_INFOPLIST_FILE = YES;
				IPHONEOS_DEPLOYMENT_TARGET = 16.2;
				MARKETING_VERSION = 1.0;
				PRODUCT_BUNDLE_IDENTIFIER = com.metinemre.navigationUITests;
				PRODUCT_NAME = "$(TARGET_NAME)";
				SWIFT_EMIT_LOC_STRINGS = NO;
				SWIFT_VERSION = 5.0;
				TARGETED_DEVICE_FAMILY = "1,2";
				TEST_HOST = "$(BUILT_PRODUCTS_DIR)/navigationUI.app/$(BUNDLE_EXECUTABLE_FOLDER_PATH)/navigationUI";
			};
			name = Release;
		};
		C39A0826299012A1004D8692 /* Debug */ = {
			isa = XCBuildConfiguration;
			buildSettings = {
				ALWAYS_EMBED_SWIFT_STANDARD_LIBRARIES = YES;
				CODE_SIGN_STYLE = Automatic;
				CURRENT_PROJECT_VERSION = 1;
				DEVELOPMENT_TEAM = 6DV7YZY2XY;
				GENERATE_INFOPLIST_FILE = YES;
				MARKETING_VERSION = 1.0;
				PRODUCT_BUNDLE_IDENTIFIER = com.metinemre.navigationUIUITests;
				PRODUCT_NAME = "$(TARGET_NAME)";
				SWIFT_EMIT_LOC_STRINGS = NO;
				SWIFT_VERSION = 5.0;
				TARGETED_DEVICE_FAMILY = "1,2";
				TEST_TARGET_NAME = navigationUI;
			};
			name = Debug;
		};
		C39A0827299012A1004D8692 /* Release */ = {
			isa = XCBuildConfiguration;
			buildSettings = {
				ALWAYS_EMBED_SWIFT_STANDARD_LIBRARIES = YES;
				CODE_SIGN_STYLE = Automatic;
				CURRENT_PROJECT_VERSION = 1;
				DEVELOPMENT_TEAM = 6DV7YZY2XY;
				GENERATE_INFOPLIST_FILE = YES;
				MARKETING_VERSION = 1.0;
				PRODUCT_BUNDLE_IDENTIFIER = com.metinemre.navigationUIUITests;
				PRODUCT_NAME = "$(TARGET_NAME)";
				SWIFT_EMIT_LOC_STRINGS = NO;
				SWIFT_VERSION = 5.0;
				TARGETED_DEVICE_FAMILY = "1,2";
				TEST_TARGET_NAME = navigationUI;
			};
			name = Release;
		};
/* End XCBuildConfiguration section */

/* Begin XCConfigurationList section */
		C39A07F62990129E004D8692 /* Build configuration list for PBXProject "navigationUI" */ = {
			isa = XCConfigurationList;
			buildConfigurations = (
				C39A081D299012A1004D8692 /* Debug */,
				C39A081E299012A1004D8692 /* Release */,
			);
			defaultConfigurationIsVisible = 0;
			defaultConfigurationName = Release;
		};
		C39A081F299012A1004D8692 /* Build configuration list for PBXNativeTarget "navigationUI" */ = {
			isa = XCConfigurationList;
			buildConfigurations = (
				C39A0820299012A1004D8692 /* Debug */,
				C39A0821299012A1004D8692 /* Release */,
			);
			defaultConfigurationIsVisible = 0;
			defaultConfigurationName = Release;
		};
		C39A0822299012A1004D8692 /* Build configuration list for PBXNativeTarget "navigationUITests" */ = {
			isa = XCConfigurationList;
			buildConfigurations = (
				C39A0823299012A1004D8692 /* Debug */,
				C39A0824299012A1004D8692 /* Release */,
			);
			defaultConfigurationIsVisible = 0;
			defaultConfigurationName = Release;
		};
		C39A0825299012A1004D8692 /* Build configuration list for PBXNativeTarget "navigationUIUITests" */ = {
			isa = XCConfigurationList;
			buildConfigurations = (
				C39A0826299012A1004D8692 /* Debug */,
				C39A0827299012A1004D8692 /* Release */,
			);
			defaultConfigurationIsVisible = 0;
			defaultConfigurationName = Release;
		};
/* End XCConfigurationList section */
	};
	rootObject = C39A07F32990129E004D8692 /* Project object */;
}
